
Microsoft Visual Studio Solution File, Format Version 12.00
# Visual Studio Version 17
VisualStudioVersion = 17.0.31903.59
MinimumVisualStudioVersion = 10.0.40219.1
Project("{FAE04EC0-301F-11D3-BF4B-00C04F79EFBC}") = "combinando operadores", "combinando operadores\combinando operadores.csproj", "{D016C46D-8BDA-4F0F-881C-1827CD609C53}"
EndProject
Project("{FAE04EC0-301F-11D3-BF4B-00C04F79EFBC}") = "cast casting", "cast casting\cast casting.csproj", "{28591230-2869-402F-B7B7-3E6043906221}"
EndProject
Project("{FAE04EC0-301F-11D3-BF4B-00C04F79EFBC}") = "conversao para string", "conversao para string\conversao para string.csproj", "{69E6FC16-F9DE-42D2-975F-BC33093E73D4}"
EndProject
Project("{FAE04EC0-301F-11D3-BF4B-00C04F79EFBC}") = "cast implicito", "cast implicito\cast implicito.csproj", "{D8FC07F0-92B5-4DA6-9CD9-73B227A5843C}"
EndProject
Project("{FAE04EC0-301F-11D3-BF4B-00C04F79EFBC}") = "ordem dos operadores", "ordem dos operadores\ordem dos operadores.csproj", "{42014103-0A71-4061-B2BF-F846175D0C3B}"
EndProject
Global
	GlobalSection(SolutionConfigurationPlatforms) = preSolution
		Debug|Any CPU = Debug|Any CPU
		Release|Any CPU = Release|Any CPU
	EndGlobalSection
	GlobalSection(SolutionProperties) = preSolution
		HideSolutionNode = FALSE
	EndGlobalSection
	GlobalSection(ProjectConfigurationPlatforms) = postSolution
		{D016C46D-8BDA-4F0F-881C-1827CD609C53}.Debug|Any CPU.ActiveCfg = Debug|Any CPU
		{D016C46D-8BDA-4F0F-881C-1827CD609C53}.Debug|Any CPU.Build.0 = Debug|Any CPU
		{D016C46D-8BDA-4F0F-881C-1827CD609C53}.Release|Any CPU.ActiveCfg = Release|Any CPU
		{D016C46D-8BDA-4F0F-881C-1827CD609C53}.Release|Any CPU.Build.0 = Release|Any CPU
		{28591230-2869-402F-B7B7-3E6043906221}.Debug|Any CPU.ActiveCfg = Debug|Any CPU
		{28591230-2869-402F-B7B7-3E6043906221}.Debug|Any CPU.Build.0 = Debug|Any CPU
		{28591230-2869-402F-B7B7-3E6043906221}.Release|Any CPU.ActiveCfg = Release|Any CPU
		{28591230-2869-402F-B7B7-3E6043906221}.Release|Any CPU.Build.0 = Release|Any CPU
		{69E6FC16-F9DE-42D2-975F-BC33093E73D4}.Debug|Any CPU.ActiveCfg = Debug|Any CPU
		{69E6FC16-F9DE-42D2-975F-BC33093E73D4}.Debug|Any CPU.Build.0 = Debug|Any CPU
		{69E6FC16-F9DE-42D2-975F-BC33093E73D4}.Release|Any CPU.ActiveCfg = Release|Any CPU
		{69E6FC16-F9DE-42D2-975F-BC33093E73D4}.Release|Any CPU.Build.0 = Release|Any CPU
		{D8FC07F0-92B5-4DA6-9CD9-73B227A5843C}.Debug|Any CPU.ActiveCfg = Debug|Any CPU
		{D8FC07F0-92B5-4DA6-9CD9-73B227A5843C}.Debug|Any CPU.Build.0 = Debug|Any CPU
		{D8FC07F0-92B5-4DA6-9CD9-73B227A5843C}.Release|Any CPU.ActiveCfg = Release|Any CPU
		{D8FC07F0-92B5-4DA6-9CD9-73B227A5843C}.Release|Any CPU.Build.0 = Release|Any CPU
		{42014103-0A71-4061-B2BF-F846175D0C3B}.Debug|Any CPU.ActiveCfg = Debug|Any CPU
		{42014103-0A71-4061-B2BF-F846175D0C3B}.Debug|Any CPU.Build.0 = Debug|Any CPU
		{42014103-0A71-4061-B2BF-F846175D0C3B}.Release|Any CPU.ActiveCfg = Release|Any CPU
		{42014103-0A71-4061-B2BF-F846175D0C3B}.Release|Any CPU.Build.0 = Release|Any CPU
	EndGlobalSection
EndGlobal
